
Microsoft Visual Studio Solution File, Format Version 12.00
# Visual Studio Version 17
VisualStudioVersion = 17.14.36511.14 d17.14
MinimumVisualStudioVersion = 10.0.40219.1
Project("{FAE04EC0-301F-11D3-BF4B-00C04F79EFBC}") = "BTH5_24521470_Bai10", "BTH5_24521470_Bai10\BTH5_24521470_Bai10.csproj", "{18AAA257-6CCF-4B8F-8B7A-6219808E7DC3}"
EndProject
Global
	GlobalSection(SolutionConfigurationPlatforms) = preSolution
		Debug|Any CPU = Debug|Any CPU
		Release|Any CPU = Release|Any CPU
	EndGlobalSection
	GlobalSection(ProjectConfigurationPlatforms) = postSolution
		{18AAA257-6CCF-4B8F-8B7A-6219808E7DC3}.Debug|Any CPU.ActiveCfg = Debug|Any CPU
		{18AAA257-6CCF-4B8F-8B7A-6219808E7DC3}.Debug|Any CPU.Build.0 = Debug|Any CPU
		{18AAA257-6CCF-4B8F-8B7A-6219808E7DC3}.Release|Any CPU.ActiveCfg = Release|Any CPU
		{18AAA257-6CCF-4B8F-8B7A-6219808E7DC3}.Release|Any CPU.Build.0 = Release|Any CPU
	EndGlobalSection
	GlobalSection(SolutionProperties) = preSolution
		HideSolutionNode = FALSE
	EndGlobalSection
	GlobalSection(ExtensibilityGlobals) = postSolution
		SolutionGuid = {0BE1C371-D3EB-46BF-93CA-57B04497133F}
	EndGlobalSection
EndGlobal
