
Microsoft Visual Studio Solution File, Format Version 12.00
# Visual Studio Version 17
VisualStudioVersion = 17.14.36511.14 d17.14
MinimumVisualStudioVersion = 10.0.40219.1
Project("{FAE04EC0-301F-11D3-BF4B-00C04F79EFBC}") = "BTH5_24521470_Bai08", "BTH5_24521470_Bai08\BTH5_24521470_Bai08.csproj", "{3738286F-C18D-479D-BA28-D2E8D9C12CC0}"
EndProject
Global
	GlobalSection(SolutionConfigurationPlatforms) = preSolution
		Debug|Any CPU = Debug|Any CPU
		Release|Any CPU = Release|Any CPU
	EndGlobalSection
	GlobalSection(ProjectConfigurationPlatforms) = postSolution
		{3738286F-C18D-479D-BA28-D2E8D9C12CC0}.Debug|Any CPU.ActiveCfg = Debug|Any CPU
		{3738286F-C18D-479D-BA28-D2E8D9C12CC0}.Debug|Any CPU.Build.0 = Debug|Any CPU
		{3738286F-C18D-479D-BA28-D2E8D9C12CC0}.Release|Any CPU.ActiveCfg = Release|Any CPU
		{3738286F-C18D-479D-BA28-D2E8D9C12CC0}.Release|Any CPU.Build.0 = Release|Any CPU
	EndGlobalSection
	GlobalSection(SolutionProperties) = preSolution
		HideSolutionNode = FALSE
	EndGlobalSection
	GlobalSection(ExtensibilityGlobals) = postSolution
		SolutionGuid = {3D401CD2-9199-4C02-AAD8-B8DB78D057B6}
	EndGlobalSection
EndGlobal
